
Microsoft Visual Studio Solution File, Format Version 12.00
# Visual Studio Version 17
VisualStudioVersion = 17.1.32328.378
MinimumVisualStudioVersion = 10.0.40219.1
Project("{9A19103F-16F7-4668-BE54-9A1E7A4F7556}") = "ThreadGuard", "ThreadGuard\ThreadGuard.csproj", "{88DED306-C42D-4243-BACE-52C8C7A3D9B0}"
EndProject
Project("{FAE04EC0-301F-11D3-BF4B-00C04F79EFBC}") = "ThreadGuardTest", "ThreadGuardTest\ThreadGuardTest.csproj", "{B506C55E-AB8A-49C3-82AB-631ABF8EE4BB}"
EndProject
Global
	GlobalSection(SolutionConfigurationPlatforms) = preSolution
		Debug|Any CPU = Debug|Any CPU
		Release|Any CPU = Release|Any CPU
	EndGlobalSection
	GlobalSection(ProjectConfigurationPlatforms) = postSolution
		{88DED306-C42D-4243-BACE-52C8C7A3D9B0}.Debug|Any CPU.ActiveCfg = Debug|Any CPU
		{88DED306-C42D-4243-BACE-52C8C7A3D9B0}.Debug|Any CPU.Build.0 = Debug|Any CPU
		{88DED306-C42D-4243-BACE-52C8C7A3D9B0}.Release|Any CPU.ActiveCfg = Release|Any CPU
		{88DED306-C42D-4243-BACE-52C8C7A3D9B0}.Release|Any CPU.Build.0 = Release|Any CPU
		{B506C55E-AB8A-49C3-82AB-631ABF8EE4BB}.Debug|Any CPU.ActiveCfg = Debug|Any CPU
		{B506C55E-AB8A-49C3-82AB-631ABF8EE4BB}.Debug|Any CPU.Build.0 = Debug|Any CPU
		{B506C55E-AB8A-49C3-82AB-631ABF8EE4BB}.Release|Any CPU.ActiveCfg = Release|Any CPU
		{B506C55E-AB8A-49C3-82AB-631ABF8EE4BB}.Release|Any CPU.Build.0 = Release|Any CPU
	EndGlobalSection
	GlobalSection(SolutionProperties) = preSolution
		HideSolutionNode = FALSE
	EndGlobalSection
	GlobalSection(ExtensibilityGlobals) = postSolution
		SolutionGuid = {C755AB5E-204A-4852-8FD5-729CFA8664E8}
	EndGlobalSection
EndGlobal
